
Microsoft Visual Studio Solution File, Format Version 12.00
# Visual Studio 15
VisualStudioVersion = 15.0.27004.2008
MinimumVisualStudioVersion = 10.0.40219.1
Project("{8BC9CEB8-8B4A-11D0-8D11-00A0C91BC942}") = "Inventory Manager IRL", "Inventory Manager IRL\Inventory Manager IRL.vcxproj", "{87308B5C-E47B-46F2-8850-926D062F002E}"
EndProject
Global
	GlobalSection(SolutionConfigurationPlatforms) = preSolution
		Debug|x64 = Debug|x64
		Debug|x86 = Debug|x86
		Release|x64 = Release|x64
		Release|x86 = Release|x86
	EndGlobalSection
	GlobalSection(ProjectConfigurationPlatforms) = postSolution
		{87308B5C-E47B-46F2-8850-926D062F002E}.Debug|x64.ActiveCfg = Debug|x64
		{87308B5C-E47B-46F2-8850-926D062F002E}.Debug|x64.Build.0 = Debug|x64
		{87308B5C-E47B-46F2-8850-926D062F002E}.Debug|x86.ActiveCfg = Debug|Win32
		{87308B5C-E47B-46F2-8850-926D062F002E}.Debug|x86.Build.0 = Debug|Win32
		{87308B5C-E47B-46F2-8850-926D062F002E}.Release|x64.ActiveCfg = Release|x64
		{87308B5C-E47B-46F2-8850-926D062F002E}.Release|x64.Build.0 = Release|x64
		{87308B5C-E47B-46F2-8850-926D062F002E}.Release|x86.ActiveCfg = Release|Win32
		{87308B5C-E47B-46F2-8850-926D062F002E}.Release|x86.Build.0 = Release|Win32
	EndGlobalSection
	GlobalSection(SolutionProperties) = preSolution
		HideSolutionNode = FALSE
	EndGlobalSection
	GlobalSection(ExtensibilityGlobals) = postSolution
		SolutionGuid = {533FCB28-AA39-470E-9AD1-9D4CBF1921EA}
	EndGlobalSection
EndGlobal
